
Microsoft Visual Studio Solution File, Format Version 12.00
Project("{FAE04EC0-301F-11D3-BF4B-00C04F79EFBC}") = "thefirey33.net", "thefirey33.net\thefirey33.net.csproj", "{E7718489-392D-429B-AE86-BA6B5DE315E8}"
EndProject
Project("{2150E333-8FDC-42A3-9474-1A3956D46DE8}") = "thefirey33.frontend", "thefirey33.frontend", "{C590584C-B51C-4291-8DB3-E6839384E04B}"
EndProject
Project("{FAE04EC0-301F-11D3-BF4B-00C04F79EFBC}") = "thefirey33.backend", "thefirey33.backend\thefirey33.backend.csproj", "{1106C764-A32C-42F9-9AE6-37BAF100F68C}"
EndProject
Project("{FAE04EC0-301F-11D3-BF4B-00C04F79EFBC}") = "thefirey33.ServiceDefaults", "thefirey33.ServiceDefaults\thefirey33.ServiceDefaults.csproj", "{85CF736D-1F2B-445B-B624-11ABBD8154B8}"
EndProject
Project("{FAE04EC0-301F-11D3-BF4B-00C04F79EFBC}") = "thefirey33.catpetterzbackend", "thefirey33.catpetterzbackend\thefirey33.catpetterzbackend.csproj", "{89F4C959-26A1-4694-95A2-D7DFDA0F2A97}"
EndProject
Project("{2150E333-8FDC-42A3-9474-1A3956D46DE8}") = "thefirey33.contentfilter", "thefirey33.contentfilter", "{C30FA9B1-5333-439E-B9C2-190C5E56350F}"
EndProject
Project("{2150E333-8FDC-42A3-9474-1A3956D46DE8}") = "thefirey33.catpetterz", "thefirey33.catpetterz", "{4EFAF957-72D1-4C3A-AB3E-A447DE1852BF}"
EndProject
Global
	GlobalSection(SolutionConfigurationPlatforms) = preSolution
		Debug|Any CPU = Debug|Any CPU
		Release|Any CPU = Release|Any CPU
	EndGlobalSection
	GlobalSection(ProjectConfigurationPlatforms) = postSolution
		{E7718489-392D-429B-AE86-BA6B5DE315E8}.Debug|Any CPU.ActiveCfg = Debug|Any CPU
		{E7718489-392D-429B-AE86-BA6B5DE315E8}.Debug|Any CPU.Build.0 = Debug|Any CPU
		{E7718489-392D-429B-AE86-BA6B5DE315E8}.Release|Any CPU.ActiveCfg = Release|Any CPU
		{E7718489-392D-429B-AE86-BA6B5DE315E8}.Release|Any CPU.Build.0 = Release|Any CPU
		{1106C764-A32C-42F9-9AE6-37BAF100F68C}.Debug|Any CPU.ActiveCfg = Debug|Any CPU
		{1106C764-A32C-42F9-9AE6-37BAF100F68C}.Debug|Any CPU.Build.0 = Debug|Any CPU
		{1106C764-A32C-42F9-9AE6-37BAF100F68C}.Release|Any CPU.ActiveCfg = Release|Any CPU
		{1106C764-A32C-42F9-9AE6-37BAF100F68C}.Release|Any CPU.Build.0 = Release|Any CPU
		{85CF736D-1F2B-445B-B624-11ABBD8154B8}.Debug|Any CPU.ActiveCfg = Debug|Any CPU
		{85CF736D-1F2B-445B-B624-11ABBD8154B8}.Debug|Any CPU.Build.0 = Debug|Any CPU
		{85CF736D-1F2B-445B-B624-11ABBD8154B8}.Release|Any CPU.ActiveCfg = Release|Any CPU
		{85CF736D-1F2B-445B-B624-11ABBD8154B8}.Release|Any CPU.Build.0 = Release|Any CPU
		{89F4C959-26A1-4694-95A2-D7DFDA0F2A97}.Debug|Any CPU.ActiveCfg = Debug|Any CPU
		{89F4C959-26A1-4694-95A2-D7DFDA0F2A97}.Debug|Any CPU.Build.0 = Debug|Any CPU
		{89F4C959-26A1-4694-95A2-D7DFDA0F2A97}.Release|Any CPU.ActiveCfg = Release|Any CPU
		{89F4C959-26A1-4694-95A2-D7DFDA0F2A97}.Release|Any CPU.Build.0 = Release|Any CPU
	EndGlobalSection
EndGlobal
